# This file is automatically @generated by Cargo.
# It is not intended for manual editing.
version = 3

[[package]]
name = "ovl"
version = "0.1.0"
dependencies = [
 "ovl_derive",
 "peg 0.7.0",
 "proc-macro2",
 "quote",
]

[[package]]
name = "ovl_derive"
version = "0.1.0"
dependencies = [
 "peg 0.6.3",
 "proc-macro2",
 "quote",
 "syn",
]

[[package]]
name = "peg"
version = "0.6.3"
source = "registry+https://github.com/rust-lang/crates.io-index"
checksum = "9f76678828272f177ac33b7e2ac2e3e73cc6c1cd1e3e387928aa69562fa51367"
dependencies = [
 "peg-macros 0.6.3",
 "peg-runtime 0.6.3",
]

[[package]]
name = "peg"
version = "0.7.0"
source = "registry+https://github.com/rust-lang/crates.io-index"
checksum = "07c0b841ea54f523f7aa556956fbd293bcbe06f2e67d2eb732b7278aaf1d166a"
dependencies = [
 "peg-macros 0.7.0",
 "peg-runtime 0.7.0",
]

[[package]]
name = "peg-macros"
version = "0.6.3"
source = "registry+https://github.com/rust-lang/crates.io-index"
checksum = "636d60acf97633e48d266d7415a9355d4389cea327a193f87df395d88cd2b14d"
dependencies = [
 "peg-runtime 0.6.3",
 "proc-macro2",
 "quote",
]

[[package]]
name = "peg-macros"
version = "0.7.0"
source = "registry+https://github.com/rust-lang/crates.io-index"
checksum = "b5aa52829b8decbef693af90202711348ab001456803ba2a98eb4ec8fb70844c"
dependencies = [
 "peg-runtime 0.7.0",
 "proc-macro2",
 "quote",
]

[[package]]
name = "peg-runtime"
version = "0.6.3"
source = "registry+https://github.com/rust-lang/crates.io-index"
checksum = "9555b1514d2d99d78150d3c799d4c357a3e2c2a8062cd108e93a06d9057629c5"

[[package]]
name = "peg-runtime"
version = "0.7.0"
source = "registry+https://github.com/rust-lang/crates.io-index"
checksum = "c719dcf55f09a3a7e764c6649ab594c18a177e3599c467983cdf644bfc0a4088"

[[package]]
name = "proc-macro2"
version = "1.0.27"
source = "registry+https://github.com/rust-lang/crates.io-index"
checksum = "f0d8caf72986c1a598726adc988bb5984792ef84f5ee5aa50209145ee8077038"
dependencies = [
 "unicode-xid",
]

[[package]]
name = "quote"
version = "1.0.9"
source = "registry+https://github.com/rust-lang/crates.io-index"
checksum = "c3d0b9745dc2debf507c8422de05d7226cc1f0644216dfdfead988f9b1ab32a7"
dependencies = [
 "proc-macro2",
]

[[package]]
name = "syn"
version = "1.0.73"
source = "registry+https://github.com/rust-lang/crates.io-index"
checksum = "f71489ff30030d2ae598524f61326b902466f72a0fb1a8564c001cc63425bcc7"
dependencies = [
 "proc-macro2",
 "quote",
 "unicode-xid",
]

[[package]]
name = "unicode-xid"
version = "0.2.2"
source = "registry+https://github.com/rust-lang/crates.io-index"
checksum = "8ccb82d61f80a663efe1f787a51b16b5a51e3314d6ac365b08639f52387b33f3"
